
Microsoft Visual Studio Solution File, Format Version 12.00
# Visual Studio Version 17
VisualStudioVersion = 17.11.35327.3
MinimumVisualStudioVersion = 10.0.40219.1
Project("{FAE04EC0-301F-11D3-BF4B-00C04F79EFBC}") = "Azure.Storage.Table.PersonCrud", "..\Storage\Table\Azure.Storage.Table.PersonCrud\Azure.Storage.Table.PersonCrud.csproj", "{8F91678A-E402-4E60-B574-B932544DB59C}"
EndProject
Project("{2150E333-8FDC-42A3-9474-1A3956D46DE8}") = "Storage", "Storage", "{D5D3D674-8DA9-4A9A-A538-3EEC0D142D6B}"
EndProject
Project("{2150E333-8FDC-42A3-9474-1A3956D46DE8}") = "Table", "Table", "{964CDAAF-9BD1-49A6-A715-94D967B2F61E}"
EndProject
Project("{2150E333-8FDC-42A3-9474-1A3956D46DE8}") = "Blob", "Blob", "{C0095FAE-394C-476E-AA5A-C330F0191E62}"
EndProject
Project("{FAE04EC0-301F-11D3-BF4B-00C04F79EFBC}") = "Azure.Storage.Blob.AuladiserService", "..\Storage\Blob\Azure.Storage.Blob.AuladiserService\Azure.Storage.Blob.AuladiserService.csproj", "{269D14AF-B8B6-43CF-A3A5-120EDD897A02}"
EndProject
Project("{2150E333-8FDC-42A3-9474-1A3956D46DE8}") = "Queue", "Queue", "{5D53F7B8-018F-49F1-B4CF-34F8A059F9ED}"
EndProject
Project("{FAE04EC0-301F-11D3-BF4B-00C04F79EFBC}") = "Azure.Storage.Queue.SendSample", "..\Storage\Queue\Azure.Storage.Queue.SendSample\Azure.Storage.Queue.SendSample.csproj", "{DD4F2FA8-E718-475D-A40E-1C8DDE7146D7}"
EndProject
Project("{FAE04EC0-301F-11D3-BF4B-00C04F79EFBC}") = "Azure.Storage.Queue.ReceiveSample", "..\Storage\Queue\Azure.Storage.Queue.ReceiveSample\Azure.Storage.Queue.ReceiveSample.csproj", "{F5B27489-4C0E-46D9-8DEC-45ED16D1206C}"
EndProject
Project("{2150E333-8FDC-42A3-9474-1A3956D46DE8}") = "CosmosDB", "CosmosDB", "{1745CECF-7A1C-4BE2-B9DD-7A3AABB56C77}"
EndProject
Project("{FAE04EC0-301F-11D3-BF4B-00C04F79EFBC}") = "Azure.CosmosDB.PersonCrud", "..\CosmosDB\Azure.CosmosDB.PersonCrud\Azure.CosmosDB.PersonCrud.csproj", "{2E64A4AC-032F-4357-9C61-F617A4A1C08C}"
EndProject
Project("{2150E333-8FDC-42A3-9474-1A3956D46DE8}") = "Functions", "Functions", "{9CE4D33C-BA6D-4F7D-9C89-408426F36A5F}"
EndProject
Project("{FAE04EC0-301F-11D3-BF4B-00C04F79EFBC}") = "Azure.Functions.HttpTriggerPosts", "..\Functions\Azure.Functions.HttpTriggerPosts\Azure.Functions.HttpTriggerPosts.csproj", "{819CAC7F-780E-49D5-B8F6-E6527BA1AB51}"
EndProject
Global
	GlobalSection(SolutionConfigurationPlatforms) = preSolution
		Debug|Any CPU = Debug|Any CPU
		Release|Any CPU = Release|Any CPU
	EndGlobalSection
	GlobalSection(ProjectConfigurationPlatforms) = postSolution
		{8F91678A-E402-4E60-B574-B932544DB59C}.Debug|Any CPU.ActiveCfg = Debug|Any CPU
		{8F91678A-E402-4E60-B574-B932544DB59C}.Debug|Any CPU.Build.0 = Debug|Any CPU
		{8F91678A-E402-4E60-B574-B932544DB59C}.Release|Any CPU.ActiveCfg = Release|Any CPU
		{8F91678A-E402-4E60-B574-B932544DB59C}.Release|Any CPU.Build.0 = Release|Any CPU
		{269D14AF-B8B6-43CF-A3A5-120EDD897A02}.Debug|Any CPU.ActiveCfg = Debug|Any CPU
		{269D14AF-B8B6-43CF-A3A5-120EDD897A02}.Debug|Any CPU.Build.0 = Debug|Any CPU
		{269D14AF-B8B6-43CF-A3A5-120EDD897A02}.Release|Any CPU.ActiveCfg = Release|Any CPU
		{269D14AF-B8B6-43CF-A3A5-120EDD897A02}.Release|Any CPU.Build.0 = Release|Any CPU
		{DD4F2FA8-E718-475D-A40E-1C8DDE7146D7}.Debug|Any CPU.ActiveCfg = Debug|Any CPU
		{DD4F2FA8-E718-475D-A40E-1C8DDE7146D7}.Debug|Any CPU.Build.0 = Debug|Any CPU
		{DD4F2FA8-E718-475D-A40E-1C8DDE7146D7}.Release|Any CPU.ActiveCfg = Release|Any CPU
		{DD4F2FA8-E718-475D-A40E-1C8DDE7146D7}.Release|Any CPU.Build.0 = Release|Any CPU
		{F5B27489-4C0E-46D9-8DEC-45ED16D1206C}.Debug|Any CPU.ActiveCfg = Debug|Any CPU
		{F5B27489-4C0E-46D9-8DEC-45ED16D1206C}.Debug|Any CPU.Build.0 = Debug|Any CPU
		{F5B27489-4C0E-46D9-8DEC-45ED16D1206C}.Release|Any CPU.ActiveCfg = Release|Any CPU
		{F5B27489-4C0E-46D9-8DEC-45ED16D1206C}.Release|Any CPU.Build.0 = Release|Any CPU
		{2E64A4AC-032F-4357-9C61-F617A4A1C08C}.Debug|Any CPU.ActiveCfg = Debug|Any CPU
		{2E64A4AC-032F-4357-9C61-F617A4A1C08C}.Debug|Any CPU.Build.0 = Debug|Any CPU
		{2E64A4AC-032F-4357-9C61-F617A4A1C08C}.Release|Any CPU.ActiveCfg = Release|Any CPU
		{2E64A4AC-032F-4357-9C61-F617A4A1C08C}.Release|Any CPU.Build.0 = Release|Any CPU
		{819CAC7F-780E-49D5-B8F6-E6527BA1AB51}.Debug|Any CPU.ActiveCfg = Debug|Any CPU
		{819CAC7F-780E-49D5-B8F6-E6527BA1AB51}.Debug|Any CPU.Build.0 = Debug|Any CPU
		{819CAC7F-780E-49D5-B8F6-E6527BA1AB51}.Release|Any CPU.ActiveCfg = Release|Any CPU
		{819CAC7F-780E-49D5-B8F6-E6527BA1AB51}.Release|Any CPU.Build.0 = Release|Any CPU
	EndGlobalSection
	GlobalSection(SolutionProperties) = preSolution
		HideSolutionNode = FALSE
	EndGlobalSection
	GlobalSection(NestedProjects) = preSolution
		{8F91678A-E402-4E60-B574-B932544DB59C} = {964CDAAF-9BD1-49A6-A715-94D967B2F61E}
		{964CDAAF-9BD1-49A6-A715-94D967B2F61E} = {D5D3D674-8DA9-4A9A-A538-3EEC0D142D6B}
		{C0095FAE-394C-476E-AA5A-C330F0191E62} = {D5D3D674-8DA9-4A9A-A538-3EEC0D142D6B}
		{269D14AF-B8B6-43CF-A3A5-120EDD897A02} = {C0095FAE-394C-476E-AA5A-C330F0191E62}
		{5D53F7B8-018F-49F1-B4CF-34F8A059F9ED} = {D5D3D674-8DA9-4A9A-A538-3EEC0D142D6B}
		{DD4F2FA8-E718-475D-A40E-1C8DDE7146D7} = {5D53F7B8-018F-49F1-B4CF-34F8A059F9ED}
		{F5B27489-4C0E-46D9-8DEC-45ED16D1206C} = {5D53F7B8-018F-49F1-B4CF-34F8A059F9ED}
		{2E64A4AC-032F-4357-9C61-F617A4A1C08C} = {1745CECF-7A1C-4BE2-B9DD-7A3AABB56C77}
		{819CAC7F-780E-49D5-B8F6-E6527BA1AB51} = {9CE4D33C-BA6D-4F7D-9C89-408426F36A5F}
	EndGlobalSection
	GlobalSection(ExtensibilityGlobals) = postSolution
		SolutionGuid = {5D2404AE-8A60-4AAE-AE3C-47B6E8A3ED38}
	EndGlobalSection
EndGlobal
